
Microsoft Visual Studio Solution File, Format Version 12.00
# Visual Studio Version 16
VisualStudioVersion = 16.0.28527.54
MinimumVisualStudioVersion = 10.0.40219.1
Project("{FAE04EC0-301F-11D3-BF4B-00C04F79EFBC}") = "gildedrose.console", "gildedrose.console\gildedrose.console.csproj", "{B47432B8-6A5A-4053-A2AC-E87AC9DAE2CB}"
EndProject
Project("{FAE04EC0-301F-11D3-BF4B-00C04F79EFBC}") = "gildedrose.tests", "gildedrose.tests\gildedrose.tests.csproj", "{F130D98C-F2FD-4FE3-BECC-EC593762D087}"
EndProject
Project("{2150E333-8FDC-42A3-9474-1A3956D46DE8}") = "Solution Items", "Solution Items", "{2D269FEF-F201-4F24-B6BF-2C383371DCA9}"
	ProjectSection(SolutionItems) = preProject
		.gitignore = .gitignore
		README.md = README.md
	EndProjectSection
EndProject
Global
	GlobalSection(SolutionConfigurationPlatforms) = preSolution
		Debug|Any CPU = Debug|Any CPU
		Release|Any CPU = Release|Any CPU
	EndGlobalSection
	GlobalSection(ProjectConfigurationPlatforms) = postSolution
		{B47432B8-6A5A-4053-A2AC-E87AC9DAE2CB}.Debug|Any CPU.ActiveCfg = Debug|Any CPU
		{B47432B8-6A5A-4053-A2AC-E87AC9DAE2CB}.Debug|Any CPU.Build.0 = Debug|Any CPU
		{B47432B8-6A5A-4053-A2AC-E87AC9DAE2CB}.Release|Any CPU.ActiveCfg = Release|Any CPU
		{B47432B8-6A5A-4053-A2AC-E87AC9DAE2CB}.Release|Any CPU.Build.0 = Release|Any CPU
		{F130D98C-F2FD-4FE3-BECC-EC593762D087}.Debug|Any CPU.ActiveCfg = Debug|Any CPU
		{F130D98C-F2FD-4FE3-BECC-EC593762D087}.Debug|Any CPU.Build.0 = Debug|Any CPU
		{F130D98C-F2FD-4FE3-BECC-EC593762D087}.Release|Any CPU.ActiveCfg = Release|Any CPU
		{F130D98C-F2FD-4FE3-BECC-EC593762D087}.Release|Any CPU.Build.0 = Release|Any CPU
	EndGlobalSection
	GlobalSection(SolutionProperties) = preSolution
		HideSolutionNode = FALSE
	EndGlobalSection
	GlobalSection(ExtensibilityGlobals) = postSolution
		SolutionGuid = {07D6727B-ED5B-44E8-979F-A249DEA3E35F}
	EndGlobalSection
EndGlobal
